
Microsoft Visual Studio Solution File, Format Version 12.00
# Visual Studio Version 17
VisualStudioVersion = 17.6.33815.320
MinimumVisualStudioVersion = 10.0.40219.1
Project("{9A19103F-16F7-4668-BE54-9A1E7A4F7556}") = "Project21WPF", "Project21WPF\Project21WPF.csproj", "{82D283A1-166C-4FDA-81B7-3B846FCFA349}"
EndProject
Project("{FAE04EC0-301F-11D3-BF4B-00C04F79EFBC}") = "Project21WPF_ClassLibrary", "Project21WPF_ClassLibrary\Project21WPF_ClassLibrary.csproj", "{4C6F9A8E-C502-4153-9C61-9ECA9EB6A549}"
EndProject
Global
	GlobalSection(SolutionConfigurationPlatforms) = preSolution
		Debug|Any CPU = Debug|Any CPU
		Release|Any CPU = Release|Any CPU
	EndGlobalSection
	GlobalSection(ProjectConfigurationPlatforms) = postSolution
		{82D283A1-166C-4FDA-81B7-3B846FCFA349}.Debug|Any CPU.ActiveCfg = Debug|Any CPU
		{82D283A1-166C-4FDA-81B7-3B846FCFA349}.Debug|Any CPU.Build.0 = Debug|Any CPU
		{82D283A1-166C-4FDA-81B7-3B846FCFA349}.Release|Any CPU.ActiveCfg = Release|Any CPU
		{82D283A1-166C-4FDA-81B7-3B846FCFA349}.Release|Any CPU.Build.0 = Release|Any CPU
		{4C6F9A8E-C502-4153-9C61-9ECA9EB6A549}.Debug|Any CPU.ActiveCfg = Debug|Any CPU
		{4C6F9A8E-C502-4153-9C61-9ECA9EB6A549}.Debug|Any CPU.Build.0 = Debug|Any CPU
		{4C6F9A8E-C502-4153-9C61-9ECA9EB6A549}.Release|Any CPU.ActiveCfg = Release|Any CPU
		{4C6F9A8E-C502-4153-9C61-9ECA9EB6A549}.Release|Any CPU.Build.0 = Release|Any CPU
	EndGlobalSection
	GlobalSection(SolutionProperties) = preSolution
		HideSolutionNode = FALSE
	EndGlobalSection
	GlobalSection(ExtensibilityGlobals) = postSolution
		SolutionGuid = {D5254FC6-786C-41F8-A18F-AE3DE1976ED0}
	EndGlobalSection
EndGlobal
